PODS:
  - Flutter (1.0.0)
  - sangfor_plugin (0.0.1):
    - Flutter

DEPENDENCIES:
  - Flutter (from `Flutter`)
  - sangfor_plugin (from `.symlinks/plugins/sangfor_plugin/ios`)

EXTERNAL SOURCES:
  Flutter:
    :path: Flutter
  sangfor_plugin:
    :path: ".symlinks/plugins/sangfor_plugin/ios"

SPEC CHECKSUMS:
  Flutter: e0871f40cf51350855a761d2e70bf5af5b9b5de7
  sangfor_plugin: dd7681f4d28fa0c3671d87bbc0ec5c3da3c4338f

PODFILE CHECKSUM: 663715e941f9adb426e33bf9376914006f9ea95b

COCOAPODS: 1.13.0
