PODS:
  - Flutter (1.0.0)
  - sangfor_plugin (0.0.1):
    - Flutter

DEPENDENCIES:
  - Flutter (from `Flutter`)
  - sangfor_plugin (from `.symlinks/plugins/sangfor_plugin/ios`)

EXTERNAL SOURCES:
  Flutter:
    :path: Flutter
  sangfor_plugin:
    :path: ".symlinks/plugins/sangfor_plugin/ios"

SPEC CHECKSUMS:
  Flutter: e0871f40cf51350855a761d2e70bf5af5b9b5de7
  sangfor_plugin: acb0c36d19438d1e740b858b6fc71f938b7c7701

PODFILE CHECKSUM: fb408a289158b00660fcdf4ee69e15b9fae7e08f

COCOAPODS: 1.16.1
